lockfileVersion: 5.4

importers:

  .:
    specifiers:
      turbo: ^1.8.3
    dependencies:
      turbo: 1.8.3

  apps/cms:
    specifiers: {}

  apps/web:
    specifiers:
      '@nerve/icons': workspace:*
      '@nerve/kit': workspace:*
      '@nerve/tailwind': workspace:*
      '@nerve/tsconfig': workspace:*
      '@nerve/ui': workspace:*
      '@vercel/edge-config': ^0.1.1
      eslint-config-nerve: workspace:*
    dependencies:
      '@nerve/icons': link:../../packages/icons
      '@nerve/kit': link:../../packages/kit
      '@nerve/tailwind': link:../../packages/tailwind
      '@nerve/ui': link:../../packages/ui
      '@vercel/edge-config': 0.1.1
    devDependencies:
      '@nerve/tsconfig': link:../../packages/tsconfig
      eslint-config-nerve: link:../../packages/eslint-config-nerve

  packages/icons:
    specifiers: {}

  packages/kit:
    specifiers: {}

  packages/tailwind:
    specifiers:
      '@nerve/tokens': workspace:*
    dependencies:
      '@nerve/tokens': link:../tokens

  packages/tokens:
    specifiers: {}

  packages/ui:
    specifiers:
      '@nerve/tokens': workspace:*
    dependencies:
      '@nerve/tokens': link:../tokens

packages:

  /@vercel/edge-config/0.1.1:
    resolution: {integrity: sha512-HDl+12tzW2RHIu8Y804kXg2VpZ02KVb7Nqsa+e1AFoACXXMb+7TfjI1wR19tXoDIu5enQz1dbat40YMEgaH13Q==}
    engines: {node: '>=14.6'}
    dev: false

  /turbo-darwin-64/1.8.3:
    resolution: {integrity: sha512-bLM084Wr17VAAY/EvCWj7+OwYHvI9s/NdsvlqGp8iT5HEYVimcornCHespgJS/yvZDfC+mX9EQkn3V2JmYgGGw==}
    cpu: [x64]
    os: [darwin]
    requiresBuild: true
    dev: false
    optional: true

  /turbo-darwin-arm64/1.8.3:
    resolution: {integrity: sha512-4oZjXtzakopMK110kue3z/hqu3WLv+eDLZOX1NGdo49gqca9BeD8GbH+sXpAp6tqyeuzpss+PIliVYuyt7LgbA==}
    cpu: [arm64]
    os: [darwin]
    requiresBuild: true
    dev: false
    optional: true

  /turbo-linux-64/1.8.3:
    resolution: {integrity: sha512-uvX2VKotf5PU14FCxJA5iHItPQno2JWzerMd+g3/h/Asay6dvxvtVjc39MQeGT0H5njSvzVKFkT+3/5q8lgOEg==}
    cpu: [x64]
    os: [linux]
    requiresBuild: true
    dev: false
    optional: true

  /turbo-linux-arm64/1.8.3:
    resolution: {integrity: sha512-E1p+oH3XKMaPS4rqWhYsL4j2Pzc0d/9P5KU7Kn1kqVLo2T3iRA7n2KVULEieUNE0nTH+aIJPXYXOpqCI5wFJaA==}
    cpu: [arm64]
    os: [linux]
    requiresBuild: true
    dev: false
    optional: true

  /turbo-windows-64/1.8.3:
    resolution: {integrity: sha512-cnzAytHtoLXd0J7aNzRpZFpL/GTjcBmkvAPlbOdf/Pl1iwS4qzGrudZQ+OM1lmLgLIfBPIavsGHBknTwTNib4A==}
    cpu: [x64]
    os: [win32]
    requiresBuild: true
    dev: false
    optional: true

  /turbo-windows-arm64/1.8.3:
    resolution: {integrity: sha512-ulIiItNm2w/zYJdD5/oAzjzNns1IjbpweRzpsE8tLXaWwo6+fnXXkyloUug0IUhcd2k6fJXfoiDZfygqpOVuXg==}
    cpu: [arm64]
    os: [win32]
    requiresBuild: true
    dev: false
    optional: true

  /turbo/1.8.3:
    resolution: {integrity: sha512-zGrkU1EuNFmkq6iky6LcMqD4h0OLE8XysVFxQWRIZbcTNnf0XAycbsbeEyiJpiWeqb7qtg2bVuY9EYcNoNhVuQ==}
    hasBin: true
    requiresBuild: true
    optionalDependencies:
      turbo-darwin-64: 1.8.3
      turbo-darwin-arm64: 1.8.3
      turbo-linux-64: 1.8.3
      turbo-linux-arm64: 1.8.3
      turbo-windows-64: 1.8.3
      turbo-windows-arm64: 1.8.3
    dev: false
