lockfileVersion: 5.4

importers:
  .:
    specifiers:
      husky: ^8.0.3
      lint-staged: ^13.2.0
      prettier: ^2.8.4
      turbo: ^1.8.3
    dependencies:
      turbo: 1.8.3
    devDependencies:
      husky: 8.0.3
      lint-staged: 13.2.0
      prettier: 2.8.4

  apps/cms:
    specifiers:
      '@nerve/tsconfig': workspace:*
      eslint-config-nerve: workspace:*
    devDependencies:
      '@nerve/tsconfig': link:../../packages/tsconfig
      eslint-config-nerve: link:../../packages/eslint-config-nerve

  apps/web:
    specifiers:
      '@nerve/icons': workspace:*
      '@nerve/kit': workspace:*
      '@nerve/tailwind': workspace:*
      '@nerve/tsconfig': workspace:*
      '@nerve/ui': workspace:*
      '@types/node': 18.15.0
      '@types/react': 18.0.28
      '@types/react-dom': 18.0.11
      '@vercel/edge-config': ^0.1.1
      eslint-config-nerve: workspace:*
      next: 13.2.4
      react: 18.2.0
      react-dom: 18.2.0
      typescript: 4.9.5
    dependencies:
      '@nerve/icons': link:../../packages/icons
      '@nerve/kit': link:../../packages/kit
      '@nerve/tailwind': link:../../packages/tailwind
      '@nerve/ui': link:../../packages/ui
      '@types/node': 18.15.0
      '@types/react': 18.0.28
      '@types/react-dom': 18.0.11
      '@vercel/edge-config': 0.1.1
      next: 13.2.4_biqbaboplfbrettd7655fr4n2y
      react: 18.2.0
      react-dom: 18.2.0_react@18.2.0
      typescript: 4.9.5
    devDependencies:
      '@nerve/tsconfig': link:../../packages/tsconfig
      eslint-config-nerve: link:../../packages/eslint-config-nerve

  packages/eslint-config-nerve:
    specifiers: {}

  packages/icons:
    specifiers:
      '@nerve/tsconfig': workspace:*
      eslint-config-nerve: workspace:*
    devDependencies:
      '@nerve/tsconfig': link:../tsconfig
      eslint-config-nerve: link:../eslint-config-nerve

  packages/kit:
    specifiers:
      '@nerve/tsconfig': workspace:*
      eslint-config-nerve: workspace:*
    devDependencies:
      '@nerve/tsconfig': link:../tsconfig
      eslint-config-nerve: link:../eslint-config-nerve

  packages/tailwind:
    specifiers:
      '@nerve/tokens': workspace:*
      '@nerve/tsconfig': workspace:*
      eslint-config-nerve: workspace:*
    dependencies:
      '@nerve/tokens': link:../tokens
    devDependencies:
      '@nerve/tsconfig': link:../tsconfig
      eslint-config-nerve: link:../eslint-config-nerve

  packages/tokens:
    specifiers:
      '@nerve/tsconfig': workspace:*
      eslint-config-nerve: workspace:*
    devDependencies:
      '@nerve/tsconfig': link:../tsconfig
      eslint-config-nerve: link:../eslint-config-nerve

  packages/tsconfig:
    specifiers: {}

  packages/ui:
    specifiers:
      '@nerve/icons': workspace:*
      '@nerve/tailwind': workspace:*
      '@nerve/tokens': workspace:*
      '@nerve/tsconfig': workspace:*
      eslint-config-nerve: workspace:*
    dependencies:
      '@nerve/icons': link:../icons
      '@nerve/tailwind': link:../tailwind
      '@nerve/tokens': link:../tokens
    devDependencies:
      '@nerve/tsconfig': link:../tsconfig
      eslint-config-nerve: link:../eslint-config-nerve

packages:
  /@next/env/13.2.4:
    resolution:
      { integrity: sha512-+Mq3TtpkeeKFZanPturjcXt+KHfKYnLlX6jMLyCrmpq6OOs4i1GqBOAauSkii9QeKCMTYzGppar21JU57b/GEA== }
    dev: false

  /@next/swc-android-arm-eabi/13.2.4:
    resolution:
      { integrity: sha512-DWlalTSkLjDU11MY11jg17O1gGQzpRccM9Oes2yTqj2DpHndajrXHGxj9HGtJ+idq2k7ImUdJVWS2h2l/EDJOw== }
    engines: { node: '>= 10' }
    cpu: [arm]
    os: [android]
    requiresBuild: true
    dev: false
    optional: true

  /@next/swc-android-arm64/13.2.4:
    resolution:
      { integrity: sha512-sRavmUImUCf332Gy+PjIfLkMhiRX1Ez4SI+3vFDRs1N5eXp+uNzjFUK/oLMMOzk6KFSkbiK/3Wt8+dHQR/flNg== }
    engines: { node: '>= 10' }
    cpu: [arm64]
    os: [android]
    requiresBuild: true
    dev: false
    optional: true

  /@next/swc-darwin-arm64/13.2.4:
    resolution:
      { integrity: sha512-S6vBl+OrInP47TM3LlYx65betocKUUlTZDDKzTiRDbsRESeyIkBtZ6Qi5uT2zQs4imqllJznVjFd1bXLx3Aa6A== }
    engines: { node: '>= 10' }
    cpu: [arm64]
    os: [darwin]
    requiresBuild: true
    dev: false
    optional: true

  /@next/swc-darwin-x64/13.2.4:
    resolution:
      { integrity: sha512-a6LBuoYGcFOPGd4o8TPo7wmv5FnMr+Prz+vYHopEDuhDoMSHOnC+v+Ab4D7F0NMZkvQjEJQdJS3rqgFhlZmKlw== }
    engines: { node: '>= 10' }
    cpu: [x64]
    os: [darwin]
    requiresBuild: true
    dev: false
    optional: true

  /@next/swc-freebsd-x64/13.2.4:
    resolution:
      { integrity: sha512-kkbzKVZGPaXRBPisoAQkh3xh22r+TD+5HwoC5bOkALraJ0dsOQgSMAvzMXKsN3tMzJUPS0tjtRf1cTzrQ0I5vQ== }
    engines: { node: '>= 10' }
    cpu: [x64]
    os: [freebsd]
    requiresBuild: true
    dev: false
    optional: true

  /@next/swc-linux-arm-gnueabihf/13.2.4:
    resolution:
      { integrity: sha512-7qA1++UY0fjprqtjBZaOA6cas/7GekpjVsZn/0uHvquuITFCdKGFCsKNBx3S0Rpxmx6WYo0GcmhNRM9ru08BGg== }
    engines: { node: '>= 10' }
    cpu: [arm]
    os: [linux]
    requiresBuild: true
    dev: false
    optional: true

  /@next/swc-linux-arm64-gnu/13.2.4:
    resolution:
      { integrity: sha512-xzYZdAeq883MwXgcwc72hqo/F/dwUxCukpDOkx/j1HTq/J0wJthMGjinN9wH5bPR98Mfeh1MZJ91WWPnZOedOg== }
    engines: { node: '>= 10' }
    cpu: [arm64]
    os: [linux]
    requiresBuild: true
    dev: false
    optional: true

  /@next/swc-linux-arm64-musl/13.2.4:
    resolution:
      { integrity: sha512-8rXr3WfmqSiYkb71qzuDP6I6R2T2tpkmf83elDN8z783N9nvTJf2E7eLx86wu2OJCi4T05nuxCsh4IOU3LQ5xw== }
    engines: { node: '>= 10' }
    cpu: [arm64]
    os: [linux]
    requiresBuild: true
    dev: false
    optional: true

  /@next/swc-linux-x64-gnu/13.2.4:
    resolution:
      { integrity: sha512-Ngxh51zGSlYJ4EfpKG4LI6WfquulNdtmHg1yuOYlaAr33KyPJp4HeN/tivBnAHcZkoNy0hh/SbwDyCnz5PFJQQ== }
    engines: { node: '>= 10' }
    cpu: [x64]
    os: [linux]
    requiresBuild: true
    dev: false
    optional: true

  /@next/swc-linux-x64-musl/13.2.4:
    resolution:
      { integrity: sha512-gOvwIYoSxd+j14LOcvJr+ekd9fwYT1RyMAHOp7znA10+l40wkFiMONPLWiZuHxfRk+Dy7YdNdDh3ImumvL6VwA== }
    engines: { node: '>= 10' }
    cpu: [x64]
    os: [linux]
    requiresBuild: true
    dev: false
    optional: true

  /@next/swc-win32-arm64-msvc/13.2.4:
    resolution:
      { integrity: sha512-q3NJzcfClgBm4HvdcnoEncmztxrA5GXqKeiZ/hADvC56pwNALt3ngDC6t6qr1YW9V/EPDxCYeaX4zYxHciW4Dw== }
    engines: { node: '>= 10' }
    cpu: [arm64]
    os: [win32]
    requiresBuild: true
    dev: false
    optional: true

  /@next/swc-win32-ia32-msvc/13.2.4:
    resolution:
      { integrity: sha512-/eZ5ncmHUYtD2fc6EUmAIZlAJnVT2YmxDsKs1Ourx0ttTtvtma/WKlMV5NoUsyOez0f9ExLyOpeCoz5aj+MPXw== }
    engines: { node: '>= 10' }
    cpu: [ia32]
    os: [win32]
    requiresBuild: true
    dev: false
    optional: true

  /@next/swc-win32-x64-msvc/13.2.4:
    resolution:
      { integrity: sha512-0MffFmyv7tBLlji01qc0IaPP/LVExzvj7/R5x1Jph1bTAIj4Vu81yFQWHHQAP6r4ff9Ukj1mBK6MDNVXm7Tcvw== }
    engines: { node: '>= 10' }
    cpu: [x64]
    os: [win32]
    requiresBuild: true
    dev: false
    optional: true

  /@swc/helpers/0.4.14:
    resolution:
      { integrity: sha512-4C7nX/dvpzB7za4Ql9K81xK3HPxCpHMgwTZVyf+9JQ6VUbn9jjZVN7/Nkdz/Ugzs2CSjqnL/UPXroiVBVHUWUw== }
    dependencies:
      tslib: 2.5.0
    dev: false

  /@types/node/18.15.0:
    resolution:
      { integrity: sha512-z6nr0TTEOBGkzLGmbypWOGnpSpSIBorEhC4L+4HeQ2iezKCi4f77kyslRwvHeNitymGQ+oFyIWGP96l/DPSV9w== }
    dev: false

  /@types/prop-types/15.7.5:
    resolution:
      { integrity: sha512-JCB8C6SnDoQf0cNycqd/35A7MjcnK+ZTqE7judS6o7utxUCg6imJg3QK2qzHKszlTjcj2cn+NwMB2i96ubpj7w== }
    dev: false

  /@types/react-dom/18.0.11:
    resolution:
      { integrity: sha512-O38bPbI2CWtgw/OoQoY+BRelw7uysmXbWvw3nLWO21H1HSh+GOlqPuXshJfjmpNlKiiSDG9cc1JZAaMmVdcTlw== }
    dependencies:
      '@types/react': 18.0.28
    dev: false

  /@types/react/18.0.28:
    resolution:
      { integrity: sha512-RD0ivG1kEztNBdoAK7lekI9M+azSnitIn85h4iOiaLjaTrMjzslhaqCGaI4IyCJ1RljWiLCEu4jyrLLgqxBTew== }
    dependencies:
      '@types/prop-types': 15.7.5
      '@types/scheduler': 0.16.2
      csstype: 3.1.1
    dev: false

  /@types/scheduler/0.16.2:
    resolution:
      { integrity: sha512-hppQEBDmlwhFAXKJX2KnWLYu5yMfi91yazPb2l+lbJiwW+wdo1gNeRA+3RgNSO39WYX2euey41KEwnqesU2Jew== }
    dev: false

  /@vercel/edge-config/0.1.1:
    resolution:
      { integrity: sha512-HDl+12tzW2RHIu8Y804kXg2VpZ02KVb7Nqsa+e1AFoACXXMb+7TfjI1wR19tXoDIu5enQz1dbat40YMEgaH13Q== }
    engines: { node: '>=14.6' }
    dev: false

  /aggregate-error/3.1.0:
    resolution:
      { integrity: sha512-4I7Td01quW/RpocfNayFdFVk1qSuoh0E7JrbRJ16nH01HhKFQ88INq9Sd+nd72zqRySlr9BmDA8xlEJ6vJMrYA== }
    engines: { node: '>=8' }
    dependencies:
      clean-stack: 2.2.0
      indent-string: 4.0.0
    dev: true

  /ansi-escapes/4.3.2:
    resolution:
      { integrity: sha512-gKXj5ALrKWQLsYG9jlTRmR/xKluxHV+Z9QEwNIgCfM1/uwPMCuzVVnh5mwTd+OuBZcwSIMbqssNWRm1lE51QaQ== }
    engines: { node: '>=8' }
    dependencies:
      type-fest: 0.21.3
    dev: true

  /ansi-regex/5.0.1:
    resolution:
      { integrity: sha512-quJQXlTSUGL2LH9SUXo8VwsY4soanhgo6LNSm84E1LBcE8s3O0wpdiRzyR9z/ZZJMlMWv37qOOb9pdJlMUEKFQ== }
    engines: { node: '>=8' }
    dev: true

  /ansi-regex/6.0.1:
    resolution:
      { integrity: sha512-n5M855fKb2SsfMIiFFoVrABHJC8QtHwVx+mHWP3QcEqBHYienj5dHSgjbxtC0WEZXYt4wcD6zrQElDPhFuZgfA== }
    engines: { node: '>=12' }
    dev: true

  /ansi-styles/4.3.0:
    resolution:
      { integrity: sha512-zbB9rCJAT1rbjiVDb2hqKFHNYLxgtk8NURxZ3IZwD3F6NtxbXZQCnnSi1Lkx+IDohdPlFp222wVALIheZJQSEg== }
    engines: { node: '>=8' }
    dependencies:
      color-convert: 2.0.1
    dev: true

  /ansi-styles/6.2.1:
    resolution:
      { integrity: sha512-bN798gFfQX+viw3R7yrGWRqnrN2oRkEkUjjl4JNn4E8GxxbjtG3FbrEIIY3l8/hrwUwIeCZvi4QuOTP4MErVug== }
    engines: { node: '>=12' }
    dev: true

  /astral-regex/2.0.0:
    resolution:
      { integrity: sha512-Z7tMw1ytTXt5jqMcOP+OQteU1VuNK9Y02uuJtKQ1Sv69jXQKKg5cibLwGJow8yzZP+eAc18EmLGPal0bp36rvQ== }
    engines: { node: '>=8' }
    dev: true

  /braces/3.0.2:
    resolution:
      { integrity: sha512-b8um+L1RzM3WDSzvhm6gIz1yfTbBt6YTlcEKAvsmqCZZFw46z626lVj9j1yEPW33H5H+lBQpZMP1k8l+78Ha0A== }
    engines: { node: '>=8' }
    dependencies:
      fill-range: 7.0.1
    dev: true

  /caniuse-lite/1.0.30001464:
    resolution:
      { integrity: sha512-oww27MtUmusatpRpCGSOneQk2/l5czXANDSFvsc7VuOQ86s3ANhZetpwXNf1zY/zdfP63Xvjz325DAdAoES13g== }
    dev: false

  /chalk/5.2.0:
    resolution:
      { integrity: sha512-ree3Gqw/nazQAPuJJEy+avdl7QfZMcUvmHIKgEZkGL+xOBzRvup5Hxo6LHuMceSxOabuJLJm5Yp/92R9eMmMvA== }
    engines: { node: ^12.17.0 || ^14.13 || >=16.0.0 }
    dev: true

  /clean-stack/2.2.0:
    resolution:
      { integrity: sha512-4diC9HaTE+KRAMWhDhrGOECgWZxoevMc5TlkObMqNSsVU62PYzXZ/SMTjzyGAFF1YusgxGcSWTEXBhp0CPwQ1A== }
    engines: { node: '>=6' }
    dev: true

  /cli-cursor/3.1.0:
    resolution:
      { integrity: sha512-I/zHAwsKf9FqGoXM4WWRACob9+SNukZTd94DWF57E4toouRulbCxcUh6RKUEOQlYTHJnzkPMySvPNaaSLNfLZw== }
    engines: { node: '>=8' }
    dependencies:
      restore-cursor: 3.1.0
    dev: true

  /cli-truncate/2.1.0:
    resolution:
      { integrity: sha512-n8fOixwDD6b/ObinzTrp1ZKFzbgvKZvuz/TvejnLn1aQfC6r52XEx85FmuC+3HI+JM7coBRXUvNqEU2PHVrHpg== }
    engines: { node: '>=8' }
    dependencies:
      slice-ansi: 3.0.0
      string-width: 4.2.3
    dev: true

  /cli-truncate/3.1.0:
    resolution:
      { integrity: sha512-wfOBkjXteqSnI59oPcJkcPl/ZmwvMMOj340qUIY1SKZCv0B9Cf4D4fAucRkIKQmsIuYK3x1rrgU7MeGRruiuiA== }
    engines: { node: ^12.20.0 || ^14.13.1 || >=16.0.0 }
    dependencies:
      slice-ansi: 5.0.0
      string-width: 5.1.2
    dev: true

  /client-only/0.0.1:
    resolution:
      { integrity: sha512-IV3Ou0jSMzZrd3pZ48nLkT9DA7Ag1pnPzaiQhpW7c3RbcqqzvzzVu+L8gfqMp/8IM2MQtSiqaCxrrcfu8I8rMA== }
    dev: false

  /color-convert/2.0.1:
    resolution:
      { integrity: sha512-RRECPsj7iu/xb5oKYcsFHSppFNnsj/52OVTRKb4zP5onXwVF3zVmmToNcOfGC+CRDpfK/U584fMg38ZHCaElKQ== }
    engines: { node: '>=7.0.0' }
    dependencies:
      color-name: 1.1.4
    dev: true

  /color-name/1.1.4:
    resolution:
      { integrity: sha512-dOy+3AuW3a2wNbZHIuMZpTcgjGuLU/uBL/ubcZF9OXbDo8ff4O8yVp5Bf0efS8uEoYo5q4Fx7dY9OgQGXgAsQA== }
    dev: true

  /colorette/2.0.19:
    resolution:
      { integrity: sha512-3tlv/dIP7FWvj3BsbHrGLJ6l/oKh1O3TcgBqMn+yyCagOxc23fyzDS6HypQbgxWbkpDnf52p1LuR4eWDQ/K9WQ== }
    dev: true

  /commander/10.0.0:
    resolution:
      { integrity: sha512-zS5PnTI22FIRM6ylNW8G4Ap0IEOyk62fhLSD0+uHRT9McRCLGpkVNvao4bjimpK/GShynyQkFFxHhwMcETmduA== }
    engines: { node: '>=14' }
    dev: true

  /cross-spawn/7.0.3:
    resolution:
      { integrity: sha512-iRDPJKUPVEND7dHPO8rkbOnPpyDygcDFtWjpeWNCgy8WP2rXcxXL8TskReQl6OrB2G7+UJrags1q15Fudc7G6w== }
    engines: { node: '>= 8' }
    dependencies:
      path-key: 3.1.1
      shebang-command: 2.0.0
      which: 2.0.2
    dev: true

  /csstype/3.1.1:
    resolution:
      { integrity: sha512-DJR/VvkAvSZW9bTouZue2sSxDwdTN92uHjqeKVm+0dAqdfNykRzQ95tay8aXMBAAPpUiq4Qcug2L7neoRh2Egw== }
    dev: false

  /debug/4.3.4:
    resolution:
      { integrity: sha512-PRWFHuSU3eDtQJPvnNY7Jcket1j0t5OuOsFzPPzsekD52Zl8qUfFIPEiswXqIvHWGVHOgX+7G/vCNNhehwxfkQ== }
    engines: { node: '>=6.0' }
    peerDependencies:
      supports-color: '*'
    peerDependenciesMeta:
      supports-color:
        optional: true
    dependencies:
      ms: 2.1.2
    dev: true

  /eastasianwidth/0.2.0:
    resolution:
      { integrity: sha512-I88TYZWc9XiYHRQ4/3c5rjjfgkjhLyW2luGIheGERbNQ6OY7yTybanSpDXZa8y7VUP9YmDcYa+eyq4ca7iLqWA== }
    dev: true

  /emoji-regex/8.0.0:
    resolution:
      { integrity: sha512-MSjYzcWNOA0ewAHpz0MxpYFvwg6yjy1NG3xteoqz644VCo/RPgnr1/GGt+ic3iJTzQ8Eu3TdM14SawnVUmGE6A== }
    dev: true

  /emoji-regex/9.2.2:
    resolution:
      { integrity: sha512-L18DaJsXSUk2+42pv8mLs5jJT2hqFkFE4j21wOmgbUqsZ2hL72NsUU785g9RXgo3s0ZNgVl42TiHp3ZtOv/Vyg== }
    dev: true

  /execa/7.0.0:
    resolution:
      { integrity: sha512-tQbH0pH/8LHTnwTrsKWideqi6rFB/QNUawEwrn+WHyz7PX1Tuz2u7wfTvbaNBdP5JD5LVWxNo8/A8CHNZ3bV6g== }
    engines: { node: ^14.18.0 || ^16.14.0 || >=18.0.0 }
    dependencies:
      cross-spawn: 7.0.3
      get-stream: 6.0.1
      human-signals: 4.3.0
      is-stream: 3.0.0
      merge-stream: 2.0.0
      npm-run-path: 5.1.0
      onetime: 6.0.0
      signal-exit: 3.0.7
      strip-final-newline: 3.0.0
    dev: true

  /fill-range/7.0.1:
    resolution:
      { integrity: sha512-qOo9F+dMUmC2Lcb4BbVvnKJxTPjCm+RRpe4gDuGrzkL7mEVl/djYSu2OdQ2Pa302N4oqkSg9ir6jaLWJ2USVpQ== }
    engines: { node: '>=8' }
    dependencies:
      to-regex-range: 5.0.1
    dev: true

  /get-stream/6.0.1:
    resolution:
      { integrity: sha512-ts6Wi+2j3jQjqi70w5AlN8DFnkSwC+MqmxEzdEALB2qXZYV3X/b1CTfgPLGJNMeAWxdPfU8FO1ms3NUfaHCPYg== }
    engines: { node: '>=10' }
    dev: true

  /human-signals/4.3.0:
    resolution:
      { integrity: sha512-zyzVyMjpGBX2+6cDVZeFPCdtOtdsxOeseRhB9tkQ6xXmGUNrcnBzdEKPy3VPNYz+4gy1oukVOXcrJCunSyc6QQ== }
    engines: { node: '>=14.18.0' }
    dev: true

  /husky/8.0.3:
    resolution:
      { integrity: sha512-+dQSyqPh4x1hlO1swXBiNb2HzTDN1I2IGLQx1GrBuiqFJfoMrnZWwVmatvSiO+Iz8fBUnf+lekwNo4c2LlXItg== }
    engines: { node: '>=14' }
    hasBin: true
    dev: true

  /indent-string/4.0.0:
    resolution:
      { integrity: sha512-EdDDZu4A2OyIK7Lr/2zG+w5jmbuk1DVBnEwREQvBzspBJkCEbRa8GxU1lghYcaGJCnRWibjDXlq779X1/y5xwg== }
    engines: { node: '>=8' }
    dev: true

  /is-fullwidth-code-point/3.0.0:
    resolution:
      { integrity: sha512-zymm5+u+sCsSWyD9qNaejV3DFvhCKclKdizYaJUuHA83RLjb7nSuGnddCHGv0hk+KY7BMAlsWeK4Ueg6EV6XQg== }
    engines: { node: '>=8' }
    dev: true

  /is-fullwidth-code-point/4.0.0:
    resolution:
      { integrity: sha512-O4L094N2/dZ7xqVdrXhh9r1KODPJpFms8B5sGdJLPy664AgvXsreZUyCQQNItZRDlYug4xStLjNp/sz3HvBowQ== }
    engines: { node: '>=12' }
    dev: true

  /is-number/7.0.0:
    resolution:
      { integrity: sha512-41Cifkg6e8TylSpdtTpeLVMqvSBEVzTttHvERD741+pnZ8ANv0004MRL43QKPDlK9cGvNp6NZWZUBlbGXYxxng== }
    engines: { node: '>=0.12.0' }
    dev: true

  /is-stream/3.0.0:
    resolution:
      { integrity: sha512-LnQR4bZ9IADDRSkvpqMGvt/tEJWclzklNgSw48V5EAaAeDd6qGvN8ei6k5p0tvxSR171VmGyHuTiAOfxAbr8kA== }
    engines: { node: ^12.20.0 || ^14.13.1 || >=16.0.0 }
    dev: true

  /isexe/2.0.0:
    resolution:
      { integrity: sha512-RHxMLp9lnKHGHRng9QFhRCMbYAcVpn69smSGcq3f36xjgVVWThj4qqLbTLlq7Ssj8B+fIQ1EuCEGI2lKsyQeIw== }
    dev: true

  /js-tokens/4.0.0:
    resolution:
      { integrity: sha512-RdJUflcE3cUzKiMqQgsCu06FPu9UdIJO0beYbPhHN4k6apgJtifcoCtT9bcxOpYBtpD2kCM6Sbzg4CausW/PKQ== }
    dev: false

  /lilconfig/2.1.0:
    resolution:
      { integrity: sha512-utWOt/GHzuUxnLKxB6dk81RoOeoNeHgbrXiuGk4yyF5qlRz+iIVWu56E2fqGHFrXz0QNUhLB/8nKqvRH66JKGQ== }
    engines: { node: '>=10' }
    dev: true

  /lint-staged/13.2.0:
    resolution:
      { integrity: sha512-GbyK5iWinax5Dfw5obm2g2ccUiZXNGtAS4mCbJ0Lv4rq6iEtfBSjOYdcbOtAIFtM114t0vdpViDDetjVTSd8Vw== }
    engines: { node: ^14.13.1 || >=16.0.0 }
    hasBin: true
    dependencies:
      chalk: 5.2.0
      cli-truncate: 3.1.0
      commander: 10.0.0
      debug: 4.3.4
      execa: 7.0.0
      lilconfig: 2.1.0
      listr2: 5.0.8
      micromatch: 4.0.5
      normalize-path: 3.0.0
      object-inspect: 1.12.3
      pidtree: 0.6.0
      string-argv: 0.3.1
      yaml: 2.2.1
    transitivePeerDependencies:
      - enquirer
      - supports-color
    dev: true

  /listr2/5.0.8:
    resolution:
      { integrity: sha512-mC73LitKHj9w6v30nLNGPetZIlfpUniNSsxxrbaPcWOjDb92SHPzJPi/t+v1YC/lxKz/AJ9egOjww0qUuFxBpA== }
    engines: { node: ^14.13.1 || >=16.0.0 }
    peerDependencies:
      enquirer: '>= 2.3.0 < 3'
    peerDependenciesMeta:
      enquirer:
        optional: true
    dependencies:
      cli-truncate: 2.1.0
      colorette: 2.0.19
      log-update: 4.0.0
      p-map: 4.0.0
      rfdc: 1.3.0
      rxjs: 7.8.0
      through: 2.3.8
      wrap-ansi: 7.0.0
    dev: true

  /log-update/4.0.0:
    resolution:
      { integrity: sha512-9fkkDevMefjg0mmzWFBW8YkFP91OrizzkW3diF7CpG+S2EYdy4+TVfGwz1zeF8x7hCx1ovSPTOE9Ngib74qqUg== }
    engines: { node: '>=10' }
    dependencies:
      ansi-escapes: 4.3.2
      cli-cursor: 3.1.0
      slice-ansi: 4.0.0
      wrap-ansi: 6.2.0
    dev: true

  /loose-envify/1.4.0:
    resolution:
      { integrity: sha512-lyuxPGr/Wfhrlem2CL/UcnUc1zcqKAImBDzukY7Y5F/yQiNdko6+fRLevlw1HgMySw7f611UIY408EtxRSoK3Q== }
    hasBin: true
    dependencies:
      js-tokens: 4.0.0
    dev: false

  /merge-stream/2.0.0:
    resolution:
      { integrity: sha512-abv/qOcuPfk3URPfDzmZU1LKmuw8kT+0nIHvKrKgFrwifol/doWcdA4ZqsWQ8ENrFKkd67Mfpo/LovbIUsbt3w== }
    dev: true

  /micromatch/4.0.5:
    resolution:
      { integrity: sha512-DMy+ERcEW2q8Z2Po+WNXuw3c5YaUSFjAO5GsJqfEl7UjvtIuFKO6ZrKvcItdy98dwFI2N1tg3zNIdKaQT+aNdA== }
    engines: { node: '>=8.6' }
    dependencies:
      braces: 3.0.2
      picomatch: 2.3.1
    dev: true

  /mimic-fn/2.1.0:
    resolution:
      { integrity: sha512-OqbOk5oEQeAZ8WXWydlu9HJjz9WVdEIvamMCcXmuqUYjTknH/sqsWvhQ3vgwKFRR1HpjvNBKQ37nbJgYzGqGcg== }
    engines: { node: '>=6' }
    dev: true

  /mimic-fn/4.0.0:
    resolution:
      { integrity: sha512-vqiC06CuhBTUdZH+RYl8sFrL096vA45Ok5ISO6sE/Mr1jRbGH4Csnhi8f3wKVl7x8mO4Au7Ir9D3Oyv1VYMFJw== }
    engines: { node: '>=12' }
    dev: true

  /ms/2.1.2:
    resolution:
      { integrity: sha512-sGkPx+VjMtmA6MX27oA4FBFELFCZZ4S4XqeGOXCv68tT+jb3vk/RyaKWP0PTKyWtmLSM0b+adUTEvbs1PEaH2w== }
    dev: true

  /nanoid/3.3.4:
    resolution:
      { integrity: sha512-MqBkQh/OHTS2egovRtLk45wEyNXwF+cokD+1YPf9u5VfJiRdAiRwB2froX5Co9Rh20xs4siNPm8naNotSD6RBw== }
    engines: { node: ^10 || ^12 || ^13.7 || ^14 || >=15.0.1 }
    hasBin: true
    dev: false

  /next/13.2.4_biqbaboplfbrettd7655fr4n2y:
    resolution:
      { integrity: sha512-g1I30317cThkEpvzfXujf0O4wtaQHtDCLhlivwlTJ885Ld+eOgcz7r3TGQzeU+cSRoNHtD8tsJgzxVdYojFssw== }
    engines: { node: '>=14.6.0' }
    hasBin: true
    peerDependencies:
      '@opentelemetry/api': ^1.4.0
      fibers: '>= 3.1.0'
      node-sass: ^6.0.0 || ^7.0.0
      react: ^18.2.0
      react-dom: ^18.2.0
      sass: ^1.3.0
    peerDependenciesMeta:
      '@opentelemetry/api':
        optional: true
      fibers:
        optional: true
      node-sass:
        optional: true
      sass:
        optional: true
    dependencies:
      '@next/env': 13.2.4
      '@swc/helpers': 0.4.14
      caniuse-lite: 1.0.30001464
      postcss: 8.4.14
      react: 18.2.0
      react-dom: 18.2.0_react@18.2.0
      styled-jsx: 5.1.1_react@18.2.0
    optionalDependencies:
      '@next/swc-android-arm-eabi': 13.2.4
      '@next/swc-android-arm64': 13.2.4
      '@next/swc-darwin-arm64': 13.2.4
      '@next/swc-darwin-x64': 13.2.4
      '@next/swc-freebsd-x64': 13.2.4
      '@next/swc-linux-arm-gnueabihf': 13.2.4
      '@next/swc-linux-arm64-gnu': 13.2.4
      '@next/swc-linux-arm64-musl': 13.2.4
      '@next/swc-linux-x64-gnu': 13.2.4
      '@next/swc-linux-x64-musl': 13.2.4
      '@next/swc-win32-arm64-msvc': 13.2.4
      '@next/swc-win32-ia32-msvc': 13.2.4
      '@next/swc-win32-x64-msvc': 13.2.4
    transitivePeerDependencies:
      - '@babel/core'
      - babel-plugin-macros
    dev: false

  /normalize-path/3.0.0:
    resolution:
      { integrity: sha512-6eZs5Ls3WtCisHWp9S2GUy8dqkpGi4BVSz3GaqiE6ezub0512ESztXUwUB6C6IKbQkY2Pnb/mD4WYojCRwcwLA== }
    engines: { node: '>=0.10.0' }
    dev: true

  /npm-run-path/5.1.0:
    resolution:
      { integrity: sha512-sJOdmRGrY2sjNTRMbSvluQqg+8X7ZK61yvzBEIDhz4f8z1TZFYABsqjjCBd/0PUNE9M6QDgHJXQkGUEm7Q+l9Q== }
    engines: { node: ^12.20.0 || ^14.13.1 || >=16.0.0 }
    dependencies:
      path-key: 4.0.0
    dev: true

  /object-inspect/1.12.3:
    resolution:
      { integrity: sha512-geUvdk7c+eizMNUDkRpW1wJwgfOiOeHbxBR/hLXK1aT6zmVSO0jsQcs7fj6MGw89jC/cjGfLcNOrtMYtGqm81g== }
    dev: true

  /onetime/5.1.2:
    resolution:
      { integrity: sha512-kbpaSSGJTWdAY5KPVeMOKXSrPtr8C8C7wodJbcsd51jRnmD+GZu8Y0VoU6Dm5Z4vWr0Ig/1NKuWRKf7j5aaYSg== }
    engines: { node: '>=6' }
    dependencies:
      mimic-fn: 2.1.0
    dev: true

  /onetime/6.0.0:
    resolution:
      { integrity: sha512-1FlR+gjXK7X+AsAHso35MnyN5KqGwJRi/31ft6x0M194ht7S+rWAvd7PHss9xSKMzE0asv1pyIHaJYq+BbacAQ== }
    engines: { node: '>=12' }
    dependencies:
      mimic-fn: 4.0.0
    dev: true

  /p-map/4.0.0:
    resolution:
      { integrity: sha512-/bjOqmgETBYB5BoEeGVea8dmvHb2m9GLy1E9W43yeyfP6QQCZGFNa+XRceJEuDB6zqr+gKpIAmlLebMpykw/MQ== }
    engines: { node: '>=10' }
    dependencies:
      aggregate-error: 3.1.0
    dev: true

  /path-key/3.1.1:
    resolution:
      { integrity: sha512-ojmeN0qd+y0jszEtoY48r0Peq5dwMEkIlCOu6Q5f41lfkswXuKtYrhgoTpLnyIcHm24Uhqx+5Tqm2InSwLhE6Q== }
    engines: { node: '>=8' }
    dev: true

  /path-key/4.0.0:
    resolution:
      { integrity: sha512-haREypq7xkM7ErfgIyA0z+Bj4AGKlMSdlQE2jvJo6huWD1EdkKYV+G/T4nq0YEF2vgTT8kqMFKo1uHn950r4SQ== }
    engines: { node: '>=12' }
    dev: true

  /picocolors/1.0.0:
    resolution:
      { integrity: sha512-1fygroTLlHu66zi26VoTDv8yRgm0Fccecssto+MhsZ0D/DGW2sm8E8AjW7NU5VVTRt5GxbeZ5qBuJr+HyLYkjQ== }
    dev: false

  /picomatch/2.3.1:
    resolution:
      { integrity: sha512-JU3teHTNjmE2VCGFzuY8EXzCDVwEqB2a8fsIvwaStHhAWJEeVd1o1QD80CU6+ZdEXXSLbSsuLwJjkCBWqRQUVA== }
    engines: { node: '>=8.6' }
    dev: true

  /pidtree/0.6.0:
    resolution:
      { integrity: sha512-eG2dWTVw5bzqGRztnHExczNxt5VGsE6OwTeCG3fdUf9KBsZzO3R5OIIIzWR+iZA0NtZ+RDVdaoE2dK1cn6jH4g== }
    engines: { node: '>=0.10' }
    hasBin: true
    dev: true

  /postcss/8.4.14:
    resolution:
      { integrity: sha512-E398TUmfAYFPBSdzgeieK2Y1+1cpdxJx8yXbK/m57nRhKSmk1GB2tO4lbLBtlkfPQTDKfe4Xqv1ASWPpayPEig== }
    engines: { node: ^10 || ^12 || >=14 }
    dependencies:
      nanoid: 3.3.4
      picocolors: 1.0.0
      source-map-js: 1.0.2
    dev: false

  /prettier/2.8.4:
    resolution:
      { integrity: sha512-vIS4Rlc2FNh0BySk3Wkd6xmwxB0FpOndW5fisM5H8hsZSxU2VWVB5CWIkIjWvrHjIhxk2g3bfMKM87zNTrZddw== }
    engines: { node: '>=10.13.0' }
    hasBin: true
    dev: true

  /react-dom/18.2.0_react@18.2.0:
    resolution:
      { integrity: sha512-6IMTriUmvsjHUjNtEDudZfuDQUoWXVxKHhlEGSk81n4YFS+r/Kl99wXiwlVXtPBtJenozv2P+hxDsw9eA7Xo6g== }
    peerDependencies:
      react: ^18.2.0
    dependencies:
      loose-envify: 1.4.0
      react: 18.2.0
      scheduler: 0.23.0
    dev: false

  /react/18.2.0:
    resolution:
      { integrity: sha512-/3IjMdb2L9QbBdWiW5e3P2/npwMBaU9mHCSCUzNln0ZCYbcfTsGbTJrU/kGemdH2IWmB2ioZ+zkxtmq6g09fGQ== }
    engines: { node: '>=0.10.0' }
    dependencies:
      loose-envify: 1.4.0
    dev: false

  /restore-cursor/3.1.0:
    resolution:
      { integrity: sha512-l+sSefzHpj5qimhFSE5a8nufZYAM3sBSVMAPtYkmC+4EH2anSGaEMXSD0izRQbu9nfyQ9y5JrVmp7E8oZrUjvA== }
    engines: { node: '>=8' }
    dependencies:
      onetime: 5.1.2
      signal-exit: 3.0.7
    dev: true

  /rfdc/1.3.0:
    resolution:
      { integrity: sha512-V2hovdzFbOi77/WajaSMXk2OLm+xNIeQdMMuB7icj7bk6zi2F8GGAxigcnDFpJHbNyNcgyJDiP+8nOrY5cZGrA== }
    dev: true

  /rxjs/7.8.0:
    resolution:
      { integrity: sha512-F2+gxDshqmIub1KdvZkaEfGDwLNpPvk9Fs6LD/MyQxNgMds/WH9OdDDXOmxUZpME+iSK3rQCctkL0DYyytUqMg== }
    dependencies:
      tslib: 2.5.0
    dev: true

  /scheduler/0.23.0:
    resolution:
      { integrity: sha512-CtuThmgHNg7zIZWAXi3AsyIzA3n4xx7aNyjwC2VJldO2LMVDhFK+63xGqq6CsJH4rTAt6/M+N4GhZiDYPx9eUw== }
    dependencies:
      loose-envify: 1.4.0
    dev: false

  /shebang-command/2.0.0:
    resolution:
      { integrity: sha512-kHxr2zZpYtdmrN1qDjrrX/Z1rR1kG8Dx+gkpK1G4eXmvXswmcE1hTWBWYUzlraYw1/yZp6YuDY77YtvbN0dmDA== }
    engines: { node: '>=8' }
    dependencies:
      shebang-regex: 3.0.0
    dev: true

  /shebang-regex/3.0.0:
    resolution:
      { integrity: sha512-7++dFhtcx3353uBaq8DDR4NuxBetBzC7ZQOhmTQInHEd6bSrXdiEyzCvG07Z44UYdLShWUyXt5M/yhz8ekcb1A== }
    engines: { node: '>=8' }
    dev: true

  /signal-exit/3.0.7:
    resolution:
      { integrity: sha512-wnD2ZE+l+SPC/uoS0vXeE9L1+0wuaMqKlfz9AMUo38JsyLSBWSFcHR1Rri62LZc12vLr1gb3jl7iwQhgwpAbGQ== }
    dev: true

  /slice-ansi/3.0.0:
    resolution:
      { integrity: sha512-pSyv7bSTC7ig9Dcgbw9AuRNUb5k5V6oDudjZoMBSr13qpLBG7tB+zgCkARjq7xIUgdz5P1Qe8u+rSGdouOOIyQ== }
    engines: { node: '>=8' }
    dependencies:
      ansi-styles: 4.3.0
      astral-regex: 2.0.0
      is-fullwidth-code-point: 3.0.0
    dev: true

  /slice-ansi/4.0.0:
    resolution:
      { integrity: sha512-qMCMfhY040cVHT43K9BFygqYbUPFZKHOg7K73mtTWJRb8pyP3fzf4Ixd5SzdEJQ6MRUg/WBnOLxghZtKKurENQ== }
    engines: { node: '>=10' }
    dependencies:
      ansi-styles: 4.3.0
      astral-regex: 2.0.0
      is-fullwidth-code-point: 3.0.0
    dev: true

  /slice-ansi/5.0.0:
    resolution:
      { integrity: sha512-FC+lgizVPfie0kkhqUScwRu1O/lF6NOgJmlCgK+/LYxDCTk8sGelYaHDhFcDN+Sn3Cv+3VSa4Byeo+IMCzpMgQ== }
    engines: { node: '>=12' }
    dependencies:
      ansi-styles: 6.2.1
      is-fullwidth-code-point: 4.0.0
    dev: true

  /source-map-js/1.0.2:
    resolution:
      { integrity: sha512-R0XvVJ9WusLiqTCEiGCmICCMplcCkIwwR11mOSD9CR5u+IXYdiseeEuXCVAjS54zqwkLcPNnmU4OeJ6tUrWhDw== }
    engines: { node: '>=0.10.0' }
    dev: false

  /string-argv/0.3.1:
    resolution:
      { integrity: sha512-a1uQGz7IyVy9YwhqjZIZu1c8JO8dNIe20xBmSS6qu9kv++k3JGzCVmprbNN5Kn+BgzD5E7YYwg1CcjuJMRNsvg== }
    engines: { node: '>=0.6.19' }
    dev: true

  /string-width/4.2.3:
    resolution:
      { integrity: sha512-wKyQRQpjJ0sIp62ErSZdGsjMJWsap5oRNihHhu6G7JVO/9jIB6UyevL+tXuOqrng8j/cxKTWyWUwvSTriiZz/g== }
    engines: { node: '>=8' }
    dependencies:
      emoji-regex: 8.0.0
      is-fullwidth-code-point: 3.0.0
      strip-ansi: 6.0.1
    dev: true

  /string-width/5.1.2:
    resolution:
      { integrity: sha512-HnLOCR3vjcY8beoNLtcjZ5/nxn2afmME6lhrDrebokqMap+XbeW8n9TXpPDOqdGK5qcI3oT0GKTW6wC7EMiVqA== }
    engines: { node: '>=12' }
    dependencies:
      eastasianwidth: 0.2.0
      emoji-regex: 9.2.2
      strip-ansi: 7.0.1
    dev: true

  /strip-ansi/6.0.1:
    resolution:
      { integrity: sha512-Y38VPSHcqkFrCpFnQ9vuSXmquuv5oXOKpGeT6aGrr3o3Gc9AlVa6JBfUSOCnbxGGZF+/0ooI7KrPuUSztUdU5A== }
    engines: { node: '>=8' }
    dependencies:
      ansi-regex: 5.0.1
    dev: true

  /strip-ansi/7.0.1:
    resolution:
      { integrity: sha512-cXNxvT8dFNRVfhVME3JAe98mkXDYN2O1l7jmcwMnOslDeESg1rF/OZMtK0nRAhiari1unG5cD4jG3rapUAkLbw== }
    engines: { node: '>=12' }
    dependencies:
      ansi-regex: 6.0.1
    dev: true

  /strip-final-newline/3.0.0:
    resolution:
      { integrity: sha512-dOESqjYr96iWYylGObzd39EuNTa5VJxyvVAEm5Jnh7KGo75V43Hk1odPQkNDyXNmUR6k+gEiDVXnjB8HJ3crXw== }
    engines: { node: '>=12' }
    dev: true

  /styled-jsx/5.1.1_react@18.2.0:
    resolution:
      { integrity: sha512-pW7uC1l4mBZ8ugbiZrcIsiIvVx1UmTfw7UkC3Um2tmfUq9Bhk8IiyEIPl6F8agHgjzku6j0xQEZbfA5uSgSaCw== }
    engines: { node: '>= 12.0.0' }
    peerDependencies:
      '@babel/core': '*'
      babel-plugin-macros: '*'
      react: '>= 16.8.0 || 17.x.x || ^18.0.0-0'
    peerDependenciesMeta:
      '@babel/core':
        optional: true
      babel-plugin-macros:
        optional: true
    dependencies:
      client-only: 0.0.1
      react: 18.2.0
    dev: false

  /through/2.3.8:
    resolution:
      { integrity: sha512-w89qg7PI8wAdvX60bMDP+bFoD5Dvhm9oLheFp5O4a2QF0cSBGsBX4qZmadPMvVqlLJBBci+WqGGOAPvcDeNSVg== }
    dev: true

  /to-regex-range/5.0.1:
    resolution:
      { integrity: sha512-65P7iz6X5yEr1cwcgvQxbbIw7Uk3gOy5dIdtZ4rDveLqhrdJP+Li/Hx6tyK0NEb+2GCyneCMJiGqrADCSNk8sQ== }
    engines: { node: '>=8.0' }
    dependencies:
      is-number: 7.0.0
    dev: true

  /tslib/2.5.0:
    resolution:
      { integrity: sha512-336iVw3rtn2BUK7ORdIAHTyxHGRIHVReokCR3XjbckJMK7ms8FysBfhLR8IXnAgy7T0PTPNBWKiH514FOW/WSg== }

  /turbo-darwin-64/1.8.3:
    resolution:
      { integrity: sha512-bLM084Wr17VAAY/EvCWj7+OwYHvI9s/NdsvlqGp8iT5HEYVimcornCHespgJS/yvZDfC+mX9EQkn3V2JmYgGGw== }
    cpu: [x64]
    os: [darwin]
    requiresBuild: true
    dev: false
    optional: true

  /turbo-darwin-arm64/1.8.3:
    resolution:
      { integrity: sha512-4oZjXtzakopMK110kue3z/hqu3WLv+eDLZOX1NGdo49gqca9BeD8GbH+sXpAp6tqyeuzpss+PIliVYuyt7LgbA== }
    cpu: [arm64]
    os: [darwin]
    requiresBuild: true
    dev: false
    optional: true

  /turbo-linux-64/1.8.3:
    resolution:
      { integrity: sha512-uvX2VKotf5PU14FCxJA5iHItPQno2JWzerMd+g3/h/Asay6dvxvtVjc39MQeGT0H5njSvzVKFkT+3/5q8lgOEg== }
    cpu: [x64]
    os: [linux]
    requiresBuild: true
    dev: false
    optional: true

  /turbo-linux-arm64/1.8.3:
    resolution:
      { integrity: sha512-E1p+oH3XKMaPS4rqWhYsL4j2Pzc0d/9P5KU7Kn1kqVLo2T3iRA7n2KVULEieUNE0nTH+aIJPXYXOpqCI5wFJaA== }
    cpu: [arm64]
    os: [linux]
    requiresBuild: true
    dev: false
    optional: true

  /turbo-windows-64/1.8.3:
    resolution:
      { integrity: sha512-cnzAytHtoLXd0J7aNzRpZFpL/GTjcBmkvAPlbOdf/Pl1iwS4qzGrudZQ+OM1lmLgLIfBPIavsGHBknTwTNib4A== }
    cpu: [x64]
    os: [win32]
    requiresBuild: true
    dev: false
    optional: true

  /turbo-windows-arm64/1.8.3:
    resolution:
      { integrity: sha512-ulIiItNm2w/zYJdD5/oAzjzNns1IjbpweRzpsE8tLXaWwo6+fnXXkyloUug0IUhcd2k6fJXfoiDZfygqpOVuXg== }
    cpu: [arm64]
    os: [win32]
    requiresBuild: true
    dev: false
    optional: true

  /turbo/1.8.3:
    resolution:
      { integrity: sha512-zGrkU1EuNFmkq6iky6LcMqD4h0OLE8XysVFxQWRIZbcTNnf0XAycbsbeEyiJpiWeqb7qtg2bVuY9EYcNoNhVuQ== }
    hasBin: true
    requiresBuild: true
    optionalDependencies:
      turbo-darwin-64: 1.8.3
      turbo-darwin-arm64: 1.8.3
      turbo-linux-64: 1.8.3
      turbo-linux-arm64: 1.8.3
      turbo-windows-64: 1.8.3
      turbo-windows-arm64: 1.8.3
    dev: false

  /type-fest/0.21.3:
    resolution:
      { integrity: sha512-t0rzBq87m3fVcduHDUFhKmyyX+9eo6WQjZvf51Ea/M0Q7+T374Jp1aUiyUl0GKxp8M/OETVHSDvmkyPgvX+X2w== }
    engines: { node: '>=10' }
    dev: true

  /typescript/4.9.5:
    resolution:
      { integrity: sha512-1FXk9E2Hm+QzZQ7z+McJiHL4NW1F2EzMu9Nq9i3zAaGqibafqYwCVU6WyWAuyQRRzOlxou8xZSyXLEN8oKj24g== }
    engines: { node: '>=4.2.0' }
    hasBin: true
    dev: false

  /which/2.0.2:
    resolution:
      { integrity: sha512-BLI3Tl1TW3Pvl70l3yq3Y64i+awpwXqsGBYWkkqMtnbXgrMD+yj7rhW0kuEDxzJaYXGjEW5ogapKNMEKNMjibA== }
    engines: { node: '>= 8' }
    hasBin: true
    dependencies:
      isexe: 2.0.0
    dev: true

  /wrap-ansi/6.2.0:
    resolution:
      { integrity: sha512-r6lPcBGxZXlIcymEu7InxDMhdW0KDxpLgoFLcguasxCaJ/SOIZwINatK9KY/tf+ZrlywOKU0UDj3ATXUBfxJXA== }
    engines: { node: '>=8' }
    dependencies:
      ansi-styles: 4.3.0
      string-width: 4.2.3
      strip-ansi: 6.0.1
    dev: true

  /wrap-ansi/7.0.0:
    resolution:
      { integrity: sha512-YVGIj2kamLSTxw6NsZjoBxfSwsn0ycdesmc4p+Q21c5zPuZ1pl+NfxVdxPtdHvmNVOQ6XSYG4AUtyt/Fi7D16Q== }
    engines: { node: '>=10' }
    dependencies:
      ansi-styles: 4.3.0
      string-width: 4.2.3
      strip-ansi: 6.0.1
    dev: true

  /yaml/2.2.1:
    resolution:
      { integrity: sha512-e0WHiYql7+9wr4cWMx3TVQrNwejKaEe7/rHNmQmqRjazfOP5W8PB6Jpebb5o6fIapbz9o9+2ipcaTM2ZwDI6lw== }
    engines: { node: '>= 14' }
    dev: true
